// !$*UTF8*$!
{
	archiveVersion = 1;
	classes = {
	};
	objectVersion = 46;
	objects = {

/* Begin PBXBuildFile section */
		168625E83AEDAE29FA3D1A14 /* libPods-ExpenseSheet.a in Frameworks */ = {isa = PBXBuildFile; fileRef = E4092CAF66FA489E5CBB3D43 /* libPods-ExpenseSheet.a */; };
		5A3C37D41E142DDF0064AB84 /* EnterPasscodeViewController.m in Sources */ = {isa = PBXBuildFile; fileRef = 5A3C37D31E142DDF0064AB84 /* EnterPasscodeViewController.m */; };
		5A860ADA1E140DB500B44D49 /* Main.storyboard in Resources */ = {isa = PBXBuildFile; fileRef = 5A860AD91E140DB500B44D49 /* Main.storyboard */; };
		5A860B0C1E140E8A00B44D49 /* CreateViewCell1.m in Sources */ = {isa = PBXBuildFile; fileRef = 5A860AE11E140E8A00B44D49 /* CreateViewCell1.m */; };
		5A860B0D1E140E8A00B44D49 /* CreateViewCell2.m in Sources */ = {isa = PBXBuildFile; fileRef = 5A860AE31E140E8A00B44D49 /* CreateViewCell2.m */; };
		5A860B0E1E140E8A00B44D49 /* DayCell.m in Sources */ = {isa = PBXBuildFile; fileRef = 5A860AE51E140E8A00B44D49 /* DayCell.m */; };
		5A860B0F1E140E8A00B44D49 /* DayCell1.m in Sources */ = {isa = PBXBuildFile; fileRef = 5A860AE71E140E8A00B44D49 /* DayCell1.m */; };
		5A860B101E140E8A00B44D49 /* SheetCell.m in Sources */ = {isa = PBXBuildFile; fileRef = 5A860AE91E140E8A00B44D49 /* SheetCell.m */; };
		5A860B111E140E8A00B44D49 /* Model.xcdatamodeld in Sources */ = {isa = PBXBuildFile; fileRef = 5A860AEE1E140E8A00B44D49 /* Model.xcdatamodeld */; };
		5A860B121E140E8A00B44D49 /* AddMoreViewController.m in Sources */ = {isa = PBXBuildFile; fileRef = 5A860AF31E140E8A00B44D49 /* AddMoreViewController.m */; };
		5A860B151E140E8A00B44D49 /* HomeViewController.m in Sources */ = {isa = PBXBuildFile; fileRef = 5A860AFE1E140E8A00B44D49 /* HomeViewController.m */; };
		5A860B171E140E8A00B44D49 /* LoginViewController.m in Sources */ = {isa = PBXBuildFile; fileRef = 5A860B041E140E8A00B44D49 /* LoginViewController.m */; };
		5A860B181E140E8A00B44D49 /* receiptViewController.m in Sources */ = {isa = PBXBuildFile; fileRef = 5A860B071E140E8A00B44D49 /* receiptViewController.m */; };
		5A860B191E140E8A00B44D49 /* WeekExpensesViewController.m in Sources */ = {isa = PBXBuildFile; fileRef = 5A860B0A1E140E8A00B44D49 /* WeekExpensesViewController.m */; };
		5AC03DF41E164133008AF52A /* CurrentWeekCell.m in Sources */ = {isa = PBXBuildFile; fileRef = 5AC03DF31E164133008AF52A /* CurrentWeekCell.m */; };
		5AC03DF81E1679D8008AF52A /* Utilities.m in Sources */ = {isa = PBXBuildFile; fileRef = 5AC03DF71E1679D8008AF52A /* Utilities.m */; };
		5ACEFFEC1E14156400C3FCD4 /* MBProgressHUD.m in Sources */ = {isa = PBXBuildFile; fileRef = 5ACEFFEB1E14156400C3FCD4 /* MBProgressHUD.m */; };
		5ACEFFEF1E14160800C3FCD4 /* ExpenseSheet.xcdatamodeld in Sources */ = {isa = PBXBuildFile; fileRef = 5ACEFFED1E14160800C3FCD4 /* ExpenseSheet.xcdatamodeld */; };
		5ACEFFF51E142BB700C3FCD4 /* DetailViewController.m in Sources */ = {isa = PBXBuildFile; fileRef = 5ACEFFF41E142BB700C3FCD4 /* DetailViewController.m */; };
		5ACEFFF81E142C8400C3FCD4 /* CreatePasscodeViewController.m in Sources */ = {isa = PBXBuildFile; fileRef = 5ACEFFF71E142C8400C3FCD4 /* CreatePasscodeViewController.m */; };
		5AECD2A41E1B6D04000CA3F8 /* SheetPreviewViewController.m in Sources */ = {isa = PBXBuildFile; fileRef = 5AECD2A31E1B6D04000CA3F8 /* SheetPreviewViewController.m */; };
		5AECD2A91E1B8B76000CA3F8 /* AboutUsViewController.m in Sources */ = {isa = PBXBuildFile; fileRef = 5AECD2A81E1B8B76000CA3F8 /* AboutUsViewController.m */; };
		5AECD2AC1E1B8B87000CA3F8 /* SettingsViewController.m in Sources */ = {isa = PBXBuildFile; fileRef = 5AECD2AB1E1B8B87000CA3F8 /* SettingsViewController.m */; };
		5AECD2AF1E1B8CA4000CA3F8 /* DetailPreviewViewController.m in Sources */ = {isa = PBXBuildFile; fileRef = 5AECD2AE1E1B8CA4000CA3F8 /* DetailPreviewViewController.m */; };
		757E2A5B1DDD8231005D43FF /* main.m in Sources */ = {isa = PBXBuildFile; fileRef = 757E2A5A1DDD8231005D43FF /* main.m */; };
		75BED0DD1DE6BF8E00D71E97 /* LocalAuthentication.framework in Frameworks */ = {isa = PBXBuildFile; fileRef = 75BED0DC1DE6BF8E00D71E97 /* LocalAuthentication.framework */; };
		A4979EC51E1CF426005B4B2F /* NotificationCenter.framework in Frameworks */ = {isa = PBXBuildFile; fileRef = A4979EC41E1CF426005B4B2F /* NotificationCenter.framework */; };
		A4979EC91E1CF426005B4B2F /* TodayViewController.m in Sources */ = {isa = PBXBuildFile; fileRef = A4979EC81E1CF426005B4B2F /* TodayViewController.m */; };
		A4979ECC1E1CF426005B4B2F /* MainInterface.storyboard in Resources */ = {isa = PBXBuildFile; fileRef = A4979ECA1E1CF426005B4B2F /* MainInterface.storyboard */; };
		A4979ED01E1CF426005B4B2F /* ExpenseSheetWidget.appex in Embed App Extensions */ = {isa = PBXBuildFile; fileRef = A4979EC31E1CF426005B4B2F /* ExpenseSheetWidget.appex */; settings = {ATTRIBUTES = (RemoveHeadersOnCopy, ); }; };
		A4979ED51E1D01D9005B4B2F /* ExpenseSheet.xcdatamodeld in Sources */ = {isa = PBXBuildFile; fileRef = 5ACEFFED1E14160800C3FCD4 /* ExpenseSheet.xcdatamodeld */; };
		A4D63DAF1E2503030053B741 /* SettingBackgroundViewController.m in Sources */ = {isa = PBXBuildFile; fileRef = A4D63DAE1E2503030053B741 /* SettingBackgroundViewController.m */; };
		A4D63DB21E2507AE0053B741 /* BackgroundCollectionViewCell.m in Sources */ = {isa = PBXBuildFile; fileRef = A4D63DB11E2507AE0053B741 /* BackgroundCollectionViewCell.m */; };
		A4D63DB71E25103F0053B741 /* UIButton+button.m in Sources */ = {isa = PBXBuildFile; fileRef = A4D63DB61E25103F0053B741 /* UIButton+button.m */; };
		A4E997321E24AB4900D1161B /* AppDelegate.m in Sources */ = {isa = PBXBuildFile; fileRef = A4E997311E24AB4900D1161B /* AppDelegate.m */; };
		A4E997361E24ABE700D1161B /* Assets.xcassets in Resources */ = {isa = PBXBuildFile; fileRef = A4E997341E24ABE700D1161B /* Assets.xcassets */; };
		A4E997371E24ABE700D1161B /* receipt.jpg in Resources */ = {isa = PBXBuildFile; fileRef = A4E997351E24ABE700D1161B /* receipt.jpg */; };
/* End PBXBuildFile section */

/* Begin PBXContainerItemProxy section */
		A4979ECE1E1CF426005B4B2F /* PBXContainerItemProxy */ = {
			isa = PBXContainerItemProxy;
			containerPortal = 757E2A4E1DDD8230005D43FF /* Project object */;
			proxyType = 1;
			remoteGlobalIDString = A4979EC21E1CF426005B4B2F;
			remoteInfo = ExpenseSheetWidget;
		};
/* End PBXContainerItemProxy section */

/* Begin PBXCopyFilesBuildPhase section */
		A4979ED41E1CF426005B4B2F /* Embed App Extensions */ = {
			isa = PBXCopyFilesBuildPhase;
			buildActionMask = 2147483647;
			dstPath = "";
			dstSubfolderSpec = 13;
			files = (
				A4979ED01E1CF426005B4B2F /* ExpenseSheetWidget.appex in Embed App Extensions */,
			);
			name = "Embed App Extensions";
			runOnlyForDeploymentPostprocessing = 0;
		};
/* End PBXCopyFilesBuildPhase section */

/* Begin PBXFileReference section */
		121020EBD1577776728EA275 /* Pods-ExpenseSheet.debug.xcconfig */ = {isa = PBXFileReference; includeInIndex = 1; lastKnownFileType = text.xcconfig; name = "Pods-ExpenseSheet.debug.xcconfig"; path = "Pods/Target Support Files/Pods-ExpenseSheet/Pods-ExpenseSheet.debug.xcconfig"; sourceTree = "<group>"; };
		5A3C37D21E142DDF0064AB84 /* EnterPasscodeViewController.h */ = {isa = PBXFileReference; fileEncoding = 4; lastKnownFileType = sourcecode.c.h; path = EnterPasscodeViewController.h; sourceTree = "<group>"; };
		5A3C37D31E142DDF0064AB84 /* EnterPasscodeViewController.m */ = {isa = PBXFileReference; fileEncoding = 4; lastKnownFileType = sourcecode.c.objc; path = EnterPasscodeViewController.m; sourceTree = "<group>"; };
		5A860AD91E140DB500B44D49 /* Main.storyboard */ = {isa = PBXFileReference; fileEncoding = 4; lastKnownFileType = file.storyboard; path = Main.storyboard; sourceTree = "<group>"; };
		5A860AE01E140E8A00B44D49 /* CreateViewCell1.h */ = {isa = PBXFileReference; fileEncoding = 4; lastKnownFileType = sourcecode.c.h; path = CreateViewCell1.h; sourceTree = "<group>"; };
		5A860AE11E140E8A00B44D49 /* CreateViewCell1.m */ = {isa = PBXFileReference; fileEncoding = 4; lastKnownFileType = sourcecode.c.objc; path = CreateViewCell1.m; sourceTree = "<group>"; };
		5A860AE21E140E8A00B44D49 /* CreateViewCell2.h */ = {isa = PBXFileReference; fileEncoding = 4; lastKnownFileType = sourcecode.c.h; path = CreateViewCell2.h; sourceTree = "<group>"; };
		5A860AE31E140E8A00B44D49 /* CreateViewCell2.m */ = {isa = PBXFileReference; fileEncoding = 4; lastKnownFileType = sourcecode.c.objc; path = CreateViewCell2.m; sourceTree = "<group>"; };
		5A860AE41E140E8A00B44D49 /* DayCell.h */ = {isa = PBXFileReference; fileEncoding = 4; lastKnownFileType = sourcecode.c.h; path = DayCell.h; sourceTree = "<group>"; };
		5A860AE51E140E8A00B44D49 /* DayCell.m */ = {isa = PBXFileReference; fileEncoding = 4; lastKnownFileType = sourcecode.c.objc; path = DayCell.m; sourceTree = "<group>"; };
		5A860AE61E140E8A00B44D49 /* DayCell1.h */ = {isa = PBXFileReference; fileEncoding = 4; lastKnownFileType = sourcecode.c.h; path = DayCell1.h; sourceTree = "<group>"; };
		5A860AE71E140E8A00B44D49 /* DayCell1.m */ = {isa = PBXFileReference; fileEncoding = 4; lastKnownFileType = sourcecode.c.objc; path = DayCell1.m; sourceTree = "<group>"; };
		5A860AE81E140E8A00B44D49 /* SheetCell.h */ = {isa = PBXFileReference; fileEncoding = 4; lastKnownFileType = sourcecode.c.h; path = SheetCell.h; sourceTree = "<group>"; };
		5A860AE91E140E8A00B44D49 /* SheetCell.m */ = {isa = PBXFileReference; fileEncoding = 4; lastKnownFileType = sourcecode.c.objc; path = SheetCell.m; sourceTree = "<group>"; };
		5A860AEC1E140E8A00B44D49 /* Constants.h */ = {isa = PBXFileReference; fileEncoding = 4; lastKnownFileType = sourcecode.c.h; path = Constants.h; sourceTree = "<group>"; };
		5A860AEF1E140E8A00B44D49 /* Model.xcdatamodel */ = {isa = PBXFileReference; lastKnownFileType = wrapper.xcdatamodel; path = Model.xcdatamodel; sourceTree = "<group>"; };
		5A860AF21E140E8A00B44D49 /* AddMoreViewController.h */ = {isa = PBXFileReference; fileEncoding = 4; lastKnownFileType = sourcecode.c.h; path = AddMoreViewController.h; sourceTree = "<group>"; };
		5A860AF31E140E8A00B44D49 /* AddMoreViewController.m */ = {isa = PBXFileReference; fileEncoding = 4; lastKnownFileType = sourcecode.c.objc; path = AddMoreViewController.m; sourceTree = "<group>"; };
		5A860AFD1E140E8A00B44D49 /* HomeViewController.h */ = {isa = PBXFileReference; fileEncoding = 4; lastKnownFileType = sourcecode.c.h; path = HomeViewController.h; sourceTree = "<group>"; };
		5A860AFE1E140E8A00B44D49 /* HomeViewController.m */ = {isa = PBXFileReference; fileEncoding = 4; lastKnownFileType = sourcecode.c.objc; path = HomeViewController.m; sourceTree = "<group>"; };
		5A860B031E140E8A00B44D49 /* LoginViewController.h */ = {isa = PBXFileReference; fileEncoding = 4; lastKnownFileType = sourcecode.c.h; path = LoginViewController.h; sourceTree = "<group>"; };
		5A860B041E140E8A00B44D49 /* LoginViewController.m */ = {isa = PBXFileReference; fileEncoding = 4; lastKnownFileType = sourcecode.c.objc; path = LoginViewController.m; sourceTree = "<group>"; };
		5A860B061E140E8A00B44D49 /* receiptViewController.h */ = {isa = PBXFileReference; fileEncoding = 4; lastKnownFileType = sourcecode.c.h; path = receiptViewController.h; sourceTree = "<group>"; };
		5A860B071E140E8A00B44D49 /* receiptViewController.m */ = {isa = PBXFileReference; fileEncoding = 4; lastKnownFileType = sourcecode.c.objc; path = receiptViewController.m; sourceTree = "<group>"; };
		5A860B091E140E8A00B44D49 /* WeekExpensesViewController.h */ = {isa = PBXFileReference; fileEncoding = 4; lastKnownFileType = sourcecode.c.h; path = WeekExpensesViewController.h; sourceTree = "<group>"; };
		5A860B0A1E140E8A00B44D49 /* WeekExpensesViewController.m */ = {isa = PBXFileReference; fileEncoding = 4; lastKnownFileType = sourcecode.c.objc; path = WeekExpensesViewController.m; sourceTree = "<group>"; };
		5AC03DF21E164133008AF52A /* CurrentWeekCell.h */ = {isa = PBXFileReference; fileEncoding = 4; lastKnownFileType = sourcecode.c.h; path = CurrentWeekCell.h; sourceTree = "<group>"; };
		5AC03DF31E164133008AF52A /* CurrentWeekCell.m */ = {isa = PBXFileReference; fileEncoding = 4; lastKnownFileType = sourcecode.c.objc; path = CurrentWeekCell.m; sourceTree = "<group>"; };
		5AC03DF61E1679D8008AF52A /* Utilities.h */ = {isa = PBXFileReference; fileEncoding = 4; lastKnownFileType = sourcecode.c.h; path = Utilities.h; sourceTree = "<group>"; };
		5AC03DF71E1679D8008AF52A /* Utilities.m */ = {isa = PBXFileReference; fileEncoding = 4; lastKnownFileType = sourcecode.c.objc; path = Utilities.m; sourceTree = "<group>"; };
		5ACEFFEA1E14156400C3FCD4 /* MBProgressHUD.h */ = {isa = PBXFileReference; fileEncoding = 4; lastKnownFileType = sourcecode.c.h; path = MBProgressHUD.h; sourceTree = "<group>"; };
		5ACEFFEB1E14156400C3FCD4 /* MBProgressHUD.m */ = {isa = PBXFileReference; fileEncoding = 4; lastKnownFileType = sourcecode.c.objc; path = MBProgressHUD.m; sourceTree = "<group>"; };
		5ACEFFEE1E14160800C3FCD4 /* ExpenseSheet.xcdatamodel */ = {isa = PBXFileReference; lastKnownFileType = wrapper.xcdatamodel; path = ExpenseSheet.xcdatamodel; sourceTree = "<group>"; };
		5ACEFFF31E142BB700C3FCD4 /* DetailViewController.h */ = {isa = PBXFileReference; fileEncoding = 4; lastKnownFileType = sourcecode.c.h; path = DetailViewController.h; sourceTree = "<group>"; };
		5ACEFFF41E142BB700C3FCD4 /* DetailViewController.m */ = {isa = PBXFileReference; fileEncoding = 4; lastKnownFileType = sourcecode.c.objc; path = DetailViewController.m; sourceTree = "<group>"; };
		5ACEFFF61E142C8400C3FCD4 /* CreatePasscodeViewController.h */ = {isa = PBXFileReference; fileEncoding = 4; lastKnownFileType = sourcecode.c.h; path = CreatePasscodeViewController.h; sourceTree = "<group>"; };
		5ACEFFF71E142C8400C3FCD4 /* CreatePasscodeViewController.m */ = {isa = PBXFileReference; fileEncoding = 4; lastKnownFileType = sourcecode.c.objc; path = CreatePasscodeViewController.m; sourceTree = "<group>"; };
		5AECD2A21E1B6D04000CA3F8 /* SheetPreviewViewController.h */ = {isa = PBXFileReference; fileEncoding = 4; lastKnownFileType = sourcecode.c.h; path = SheetPreviewViewController.h; sourceTree = "<group>"; };
		5AECD2A31E1B6D04000CA3F8 /* SheetPreviewViewController.m */ = {isa = PBXFileReference; fileEncoding = 4; lastKnownFileType = sourcecode.c.objc; path = SheetPreviewViewController.m; sourceTree = "<group>"; };
		5AECD2A71E1B8B76000CA3F8 /* AboutUsViewController.h */ = {isa = PBXFileReference; fileEncoding = 4; lastKnownFileType = sourcecode.c.h; path = AboutUsViewController.h; sourceTree = "<group>"; };
		5AECD2A81E1B8B76000CA3F8 /* AboutUsViewController.m */ = {isa = PBXFileReference; fileEncoding = 4; lastKnownFileType = sourcecode.c.objc; path = AboutUsViewController.m; sourceTree = "<group>"; };
		5AECD2AA1E1B8B87000CA3F8 /* SettingsViewController.h */ = {isa = PBXFileReference; fileEncoding = 4; lastKnownFileType = sourcecode.c.h; path = SettingsViewController.h; sourceTree = "<group>"; };
		5AECD2AB1E1B8B87000CA3F8 /* SettingsViewController.m */ = {isa = PBXFileReference; fileEncoding = 4; lastKnownFileType = sourcecode.c.objc; path = SettingsViewController.m; sourceTree = "<group>"; };
		5AECD2AD1E1B8CA4000CA3F8 /* DetailPreviewViewController.h */ = {isa = PBXFileReference; fileEncoding = 4; lastKnownFileType = sourcecode.c.h; path = DetailPreviewViewController.h; sourceTree = "<group>"; };
		5AECD2AE1E1B8CA4000CA3F8 /* DetailPreviewViewController.m */ = {isa = PBXFileReference; fileEncoding = 4; lastKnownFileType = sourcecode.c.objc; path = DetailPreviewViewController.m; sourceTree = "<group>"; };
		757E2A561DDD8231005D43FF /* ExpenseSheet.app */ = {isa = PBXFileReference; explicitFileType = wrapper.application; includeInIndex = 0; path = ExpenseSheet.app; sourceTree = BUILT_PRODUCTS_DIR; };
		757E2A5A1DDD8231005D43FF /* main.m */ = {isa = PBXFileReference; lastKnownFileType = sourcecode.c.objc; path = main.m; sourceTree = "<group>"; };
		757E2A6D1DDD8231005D43FF /* Info.plist */ = {isa = PBXFileReference; lastKnownFileType = text.plist.xml; path = Info.plist; sourceTree = "<group>"; };
		75BED0DC1DE6BF8E00D71E97 /* LocalAuthentication.framework */ = {isa = PBXFileReference; lastKnownFileType = wrapper.framework; name = LocalAuthentication.framework; path = System/Library/Frameworks/LocalAuthentication.framework; sourceTree = SDKROOT; };
		A4979EC31E1CF426005B4B2F /* ExpenseSheetWidget.appex */ = {isa = PBXFileReference; explicitFileType = "wrapper.app-extension"; includeInIndex = 0; path = ExpenseSheetWidget.appex; sourceTree = BUILT_PRODUCTS_DIR; };
		A4979EC41E1CF426005B4B2F /* NotificationCenter.framework */ = {isa = PBXFileReference; lastKnownFileType = wrapper.framework; name = NotificationCenter.framework; path = System/Library/Frameworks/NotificationCenter.framework; sourceTree = SDKROOT; };
		A4979EC71E1CF426005B4B2F /* TodayViewController.h */ = {isa = PBXFileReference; lastKnownFileType = sourcecode.c.h; path = TodayViewController.h; sourceTree = "<group>"; };
		A4979EC81E1CF426005B4B2F /* TodayViewController.m */ = {isa = PBXFileReference; lastKnownFileType = sourcecode.c.objc; path = TodayViewController.m; sourceTree = "<group>"; };
		A4979ECB1E1CF426005B4B2F /* Base */ = {isa = PBXFileReference; lastKnownFileType = file.storyboard; name = Base; path = Base.lproj/MainInterface.storyboard; sourceTree = "<group>"; };
		A4979ECD1E1CF426005B4B2F /* Info.plist */ = {isa = PBXFileReference; lastKnownFileType = text.plist.xml; path = Info.plist; sourceTree = "<group>"; };
		A4979ED61E1D043D005B4B2F /* ExpenseSheet.entitlements */ = {isa = PBXFileReference; lastKnownFileType = text.plist.entitlements; path = ExpenseSheet.entitlements; sourceTree = "<group>"; };
		A4979ED71E1D07E1005B4B2F /* ExpenseSheetWidget.entitlements */ = {isa = PBXFileReference; lastKnownFileType = text.plist.entitlements; path = ExpenseSheetWidget.entitlements; sourceTree = "<group>"; };
		A4D63DAD1E2503030053B741 /* SettingBackgroundViewController.h */ = {isa = PBXFileReference; fileEncoding = 4; lastKnownFileType = sourcecode.c.h; path = SettingBackgroundViewController.h; sourceTree = "<group>"; };
		A4D63DAE1E2503030053B741 /* SettingBackgroundViewController.m */ = {isa = PBXFileReference; fileEncoding = 4; lastKnownFileType = sourcecode.c.objc; path = SettingBackgroundViewController.m; sourceTree = "<group>"; };
		A4D63DB01E2507AE0053B741 /* BackgroundCollectionViewCell.h */ = {isa = PBXFileReference; fileEncoding = 4; lastKnownFileType = sourcecode.c.h; path = BackgroundCollectionViewCell.h; sourceTree = "<group>"; };
		A4D63DB11E2507AE0053B741 /* BackgroundCollectionViewCell.m */ = {isa = PBXFileReference; fileEncoding = 4; lastKnownFileType = sourcecode.c.objc; path = BackgroundCollectionViewCell.m; sourceTree = "<group>"; };
		A4D63DB51E25103F0053B741 /* UIButton+button.h */ = {isa = PBXFileReference; fileEncoding = 4; lastKnownFileType = sourcecode.c.h; path = "UIButton+button.h"; sourceTree = "<group>"; };
		A4D63DB61E25103F0053B741 /* UIButton+button.m */ = {isa = PBXFileReference; fileEncoding = 4; lastKnownFileType = sourcecode.c.objc; path = "UIButton+button.m"; sourceTree = "<group>"; };
		A4E997301E24AB4900D1161B /* AppDelegate.h */ = {isa = PBXFileReference; fileEncoding = 4; lastKnownFileType = sourcecode.c.h; path = AppDelegate.h; sourceTree = "<group>"; };
		A4E997311E24AB4900D1161B /* AppDelegate.m */ = {isa = PBXFileReference; fileEncoding = 4; lastKnownFileType = sourcecode.c.objc; path = AppDelegate.m; sourceTree = "<group>"; };
		A4E997341E24ABE700D1161B /* Assets.xcassets */ = {isa = PBXFileReference; lastKnownFileType = folder.assetcatalog; path = Assets.xcassets; sourceTree = "<group>"; };
		A4E997351E24ABE700D1161B /* receipt.jpg */ = {isa = PBXFileReference; lastKnownFileType = image.jpeg; path = receipt.jpg; sourceTree = "<group>"; };
		B95C74D3BF654DAAD2114E76 /* Pods-ExpenseSheet.release.xcconfig */ = {isa = PBXFileReference; includeInIndex = 1; lastKnownFileType = text.xcconfig; name = "Pods-ExpenseSheet.release.xcconfig"; path = "Pods/Target Support Files/Pods-ExpenseSheet/Pods-ExpenseSheet.release.xcconfig"; sourceTree = "<group>"; };
		E4092CAF66FA489E5CBB3D43 /* libPods-ExpenseSheet.a */ = {isa = PBXFileReference; explicitFileType = archive.ar; includeInIndex = 0; path = "libPods-ExpenseSheet.a"; sourceTree = BUILT_PRODUCTS_DIR; };
/* End PBXFileReference section */

/* Begin PBXFrameworksBuildPhase section */
		757E2A531DDD8230005D43FF /* Frameworks */ = {
			isa = PBXFrameworksBuildPhase;
			buildActionMask = 2147483647;
			files = (
				75BED0DD1DE6BF8E00D71E97 /* LocalAuthentication.framework in Frameworks */,
				168625E83AEDAE29FA3D1A14 /* libPods-ExpenseSheet.a in Frameworks */,
			);
			runOnlyForDeploymentPostprocessing = 0;
		};
		A4979EC01E1CF426005B4B2F /* Frameworks */ = {
			isa = PBXFrameworksBuildPhase;
			buildActionMask = 2147483647;
			files = (
				A4979EC51E1CF426005B4B2F /* NotificationCenter.framework in Frameworks */,
			);
			runOnlyForDeploymentPostprocessing = 0;
		};
/* End PBXFrameworksBuildPhase section */

/* Begin PBXGroup section */
		5A860ADB1E140E8A00B44D49 /* Classes */ = {
			isa = PBXGroup;
			children = (
				A4D63DB31E250FE80053B741 /* Communication */,
				A4D63DB41E250FE80053B741 /* Model */,
				A4E9972F1E24AB1100D1161B /* Appdelegate */,
				5AC03DF51E1679CB008AF52A /* Helper */,
				5A860ADF1E140E8A00B44D49 /* Cell */,
				5A860AEA1E140E8A00B44D49 /* Custom */,
				5A860AEB1E140E8A00B44D49 /* Macros */,
				5A860AED1E140E8A00B44D49 /* ManagedObject */,
				5A860AF01E140E8A00B44D49 /* ViewControllers */,
			);
			path = Classes;
			sourceTree = "<group>";
		};
		5A860ADF1E140E8A00B44D49 /* Cell */ = {
			isa = PBXGroup;
			children = (
				5A860AE01E140E8A00B44D49 /* CreateViewCell1.h */,
				5A860AE11E140E8A00B44D49 /* CreateViewCell1.m */,
				5A860AE21E140E8A00B44D49 /* CreateViewCell2.h */,
				5A860AE31E140E8A00B44D49 /* CreateViewCell2.m */,
				5A860AE41E140E8A00B44D49 /* DayCell.h */,
				5A860AE51E140E8A00B44D49 /* DayCell.m */,
				5A860AE61E140E8A00B44D49 /* DayCell1.h */,
				5A860AE71E140E8A00B44D49 /* DayCell1.m */,
				5A860AE81E140E8A00B44D49 /* SheetCell.h */,
				5A860AE91E140E8A00B44D49 /* SheetCell.m */,
				5AC03DF21E164133008AF52A /* CurrentWeekCell.h */,
				5AC03DF31E164133008AF52A /* CurrentWeekCell.m */,
				A4D63DB01E2507AE0053B741 /* BackgroundCollectionViewCell.h */,
				A4D63DB11E2507AE0053B741 /* BackgroundCollectionViewCell.m */,
			);
			path = Cell;
			sourceTree = "<group>";
		};
		5A860AEA1E140E8A00B44D49 /* Custom */ = {
			isa = PBXGroup;
			children = (
				A4D63DB51E25103F0053B741 /* UIButton+button.h */,
				A4D63DB61E25103F0053B741 /* UIButton+button.m */,
				5ACEFFEA1E14156400C3FCD4 /* MBProgressHUD.h */,
				5ACEFFEB1E14156400C3FCD4 /* MBProgressHUD.m */,
			);
			path = Custom;
			sourceTree = "<group>";
		};
		5A860AEB1E140E8A00B44D49 /* Macros */ = {
			isa = PBXGroup;
			children = (
				5A860AEC1E140E8A00B44D49 /* Constants.h */,
			);
			path = Macros;
			sourceTree = "<group>";
		};
		5A860AED1E140E8A00B44D49 /* ManagedObject */ = {
			isa = PBXGroup;
			children = (
				5ACEFFED1E14160800C3FCD4 /* ExpenseSheet.xcdatamodeld */,
				5A860AEE1E140E8A00B44D49 /* Model.xcdatamodeld */,
			);
			path = ManagedObject;
			sourceTree = "<group>";
		};
		5A860AF01E140E8A00B44D49 /* ViewControllers */ = {
			isa = PBXGroup;
			children = (
				5AECD2A51E1B8B1A000CA3F8 /* About us */,
				5AECD2A61E1B8B1A000CA3F8 /* Settings */,
				5ACEFFF21E142BB700C3FCD4 /* ExpenseSheetDetail */,
				5A860AF11E140E8A00B44D49 /* AddMore */,
				5A860AF41E140E8A00B44D49 /* CreatePasscode */,
				5A860AF71E140E8A00B44D49 /* CreateSheet */,
				5A860AF81E140E8A00B44D49 /* EnterPasscode */,
				5A860AFC1E140E8A00B44D49 /* Home */,
				5A860AFF1E140E8A00B44D49 /* Login */,
				5A860B051E140E8A00B44D49 /* ReceiptViewController */,
				5A860B081E140E8A00B44D49 /* WeekExpensesViewController */,
			);
			path = ViewControllers;
			sourceTree = "<group>";
		};
		5A860AF11E140E8A00B44D49 /* AddMore */ = {
			isa = PBXGroup;
			children = (
				5A860AF21E140E8A00B44D49 /* AddMoreViewController.h */,
				5A860AF31E140E8A00B44D49 /* AddMoreViewController.m */,
			);
			path = AddMore;
			sourceTree = "<group>";
		};
		5A860AF41E140E8A00B44D49 /* CreatePasscode */ = {
			isa = PBXGroup;
			children = (
				5ACEFFF61E142C8400C3FCD4 /* CreatePasscodeViewController.h */,
				5ACEFFF71E142C8400C3FCD4 /* CreatePasscodeViewController.m */,
			);
			path = CreatePasscode;
			sourceTree = "<group>";
		};
		5A860AF71E140E8A00B44D49 /* CreateSheet */ = {
			isa = PBXGroup;
			children = (
			);
			path = CreateSheet;
			sourceTree = "<group>";
		};
		5A860AF81E140E8A00B44D49 /* EnterPasscode */ = {
			isa = PBXGroup;
			children = (
				5A3C37D21E142DDF0064AB84 /* EnterPasscodeViewController.h */,
				5A3C37D31E142DDF0064AB84 /* EnterPasscodeViewController.m */,
			);
			path = EnterPasscode;
			sourceTree = "<group>";
		};
		5A860AFC1E140E8A00B44D49 /* Home */ = {
			isa = PBXGroup;
			children = (
				5A860AFD1E140E8A00B44D49 /* HomeViewController.h */,
				5A860AFE1E140E8A00B44D49 /* HomeViewController.m */,
				5AECD2A21E1B6D04000CA3F8 /* SheetPreviewViewController.h */,
				5AECD2A31E1B6D04000CA3F8 /* SheetPreviewViewController.m */,
			);
			path = Home;
			sourceTree = "<group>";
		};
		5A860AFF1E140E8A00B44D49 /* Login */ = {
			isa = PBXGroup;
			children = (
				5A860B031E140E8A00B44D49 /* LoginViewController.h */,
				5A860B041E140E8A00B44D49 /* LoginViewController.m */,
			);
			path = Login;
			sourceTree = "<group>";
		};
		5A860B051E140E8A00B44D49 /* ReceiptViewController */ = {
			isa = PBXGroup;
			children = (
				5A860B061E140E8A00B44D49 /* receiptViewController.h */,
				5A860B071E140E8A00B44D49 /* receiptViewController.m */,
			);
			path = ReceiptViewController;
			sourceTree = "<group>";
		};
		5A860B081E140E8A00B44D49 /* WeekExpensesViewController */ = {
			isa = PBXGroup;
			children = (
				5A860B091E140E8A00B44D49 /* WeekExpensesViewController.h */,
				5A860B0A1E140E8A00B44D49 /* WeekExpensesViewController.m */,
				5AECD2AD1E1B8CA4000CA3F8 /* DetailPreviewViewController.h */,
				5AECD2AE1E1B8CA4000CA3F8 /* DetailPreviewViewController.m */,
			);
			path = WeekExpensesViewController;
			sourceTree = "<group>";
		};
		5AC03DF51E1679CB008AF52A /* Helper */ = {
			isa = PBXGroup;
			children = (
				5AC03DF61E1679D8008AF52A /* Utilities.h */,
				5AC03DF71E1679D8008AF52A /* Utilities.m */,
			);
			path = Helper;
			sourceTree = "<group>";
		};
		5ACEFFF21E142BB700C3FCD4 /* ExpenseSheetDetail */ = {
			isa = PBXGroup;
			children = (
				5ACEFFF31E142BB700C3FCD4 /* DetailViewController.h */,
				5ACEFFF41E142BB700C3FCD4 /* DetailViewController.m */,
			);
			path = ExpenseSheetDetail;
			sourceTree = "<group>";
		};
		5AECD2A51E1B8B1A000CA3F8 /* About us */ = {
			isa = PBXGroup;
			children = (
				5AECD2A71E1B8B76000CA3F8 /* AboutUsViewController.h */,
				5AECD2A81E1B8B76000CA3F8 /* AboutUsViewController.m */,
			);
			path = "About us";
			sourceTree = "<group>";
		};
		5AECD2A61E1B8B1A000CA3F8 /* Settings */ = {
			isa = PBXGroup;
			children = (
				5AECD2AA1E1B8B87000CA3F8 /* SettingsViewController.h */,
				5AECD2AB1E1B8B87000CA3F8 /* SettingsViewController.m */,
				A4D63DAD1E2503030053B741 /* SettingBackgroundViewController.h */,
				A4D63DAE1E2503030053B741 /* SettingBackgroundViewController.m */,
			);
			path = Settings;
			sourceTree = "<group>";
		};
		757E2A4D1DDD8230005D43FF = {
			isa = PBXGroup;
			children = (
				757E2A581DDD8231005D43FF /* ExpenseSheet */,
				A4979EC61E1CF426005B4B2F /* ExpenseSheetWidget */,
				757E2A571DDD8231005D43FF /* Products */,
				75BED0DB1DE6BF8E00D71E97 /* Frameworks */,
				DF948D3EF4E7390BB107891B /* Pods */,
			);
			sourceTree = "<group>";
		};
		757E2A571DDD8231005D43FF /* Products */ = {
			isa = PBXGroup;
			children = (
				757E2A561DDD8231005D43FF /* ExpenseSheet.app */,
				A4979EC31E1CF426005B4B2F /* ExpenseSheetWidget.appex */,
			);
			name = Products;
			sourceTree = "<group>";
		};
		757E2A581DDD8231005D43FF /* ExpenseSheet */ = {
			isa = PBXGroup;
			children = (
				A4979ED61E1D043D005B4B2F /* ExpenseSheet.entitlements */,
				A4E997331E24AB8100D1161B /* Resources */,
				5A860ADB1E140E8A00B44D49 /* Classes */,
				757E2A591DDD8231005D43FF /* Supporting Files */,
			);
			path = ExpenseSheet;
			sourceTree = "<group>";
		};
		757E2A591DDD8231005D43FF /* Supporting Files */ = {
			isa = PBXGroup;
			children = (
				757E2A6D1DDD8231005D43FF /* Info.plist */,
				5A860AD91E140DB500B44D49 /* Main.storyboard */,
				757E2A5A1DDD8231005D43FF /* main.m */,
			);
			name = "Supporting Files";
			sourceTree = "<group>";
		};
		75BED0DB1DE6BF8E00D71E97 /* Frameworks */ = {
			isa = PBXGroup;
			children = (
				75BED0DC1DE6BF8E00D71E97 /* LocalAuthentication.framework */,
				E4092CAF66FA489E5CBB3D43 /* libPods-ExpenseSheet.a */,
				A4979EC41E1CF426005B4B2F /* NotificationCenter.framework */,
			);
			name = Frameworks;
			sourceTree = "<group>";
		};
		A4979EC61E1CF426005B4B2F /* ExpenseSheetWidget */ = {
			isa = PBXGroup;
			children = (
				A4979ED71E1D07E1005B4B2F /* ExpenseSheetWidget.entitlements */,
				A4979EC71E1CF426005B4B2F /* TodayViewController.h */,
				A4979EC81E1CF426005B4B2F /* TodayViewController.m */,
				A4979ECA1E1CF426005B4B2F /* MainInterface.storyboard */,
				A4979ECD1E1CF426005B4B2F /* Info.plist */,
			);
			path = ExpenseSheetWidget;
			sourceTree = "<group>";
		};
		A4D63DB31E250FE80053B741 /* Communication */ = {
			isa = PBXGroup;
			children = (
			);
			path = Communication;
			sourceTree = "<group>";
		};
		A4D63DB41E250FE80053B741 /* Model */ = {
			isa = PBXGroup;
			children = (
			);
			path = Model;
			sourceTree = "<group>";
		};
		A4E9972F1E24AB1100D1161B /* Appdelegate */ = {
			isa = PBXGroup;
			children = (
				A4E997301E24AB4900D1161B /* AppDelegate.h */,
				A4E997311E24AB4900D1161B /* AppDelegate.m */,
			);
			path = Appdelegate;
			sourceTree = "<group>";
		};
		A4E997331E24AB8100D1161B /* Resources */ = {
			isa = PBXGroup;
			children = (
				A4E997341E24ABE700D1161B /* Assets.xcassets */,
				A4E997351E24ABE700D1161B /* receipt.jpg */,
			);
			path = Resources;
			sourceTree = "<group>";
		};
		DF948D3EF4E7390BB107891B /* Pods */ = {
			isa = PBXGroup;
			children = (
				121020EBD1577776728EA275 /* Pods-ExpenseSheet.debug.xcconfig */,
				B95C74D3BF654DAAD2114E76 /* Pods-ExpenseSheet.release.xcconfig */,
			);
			name = Pods;
			sourceTree = "<group>";
		};
/* End PBXGroup section */

/* Begin PBXNativeTarget section */
		757E2A551DDD8230005D43FF /* ExpenseSheet */ = {
			isa = PBXNativeTarget;
			buildConfigurationList = 757E2A701DDD8231005D43FF /* Build configuration list for PBXNativeTarget "ExpenseSheet" */;
			buildPhases = (
				6C2F8FC17308E0B9791286A2 /* [CP] Check Pods Manifest.lock */,
				757E2A521DDD8230005D43FF /* Sources */,
				757E2A531DDD8230005D43FF /* Frameworks */,
				757E2A541DDD8230005D43FF /* Resources */,
				C5B94CE01535B65839953A3A /* [CP] Embed Pods Frameworks */,
				FFF656B1128FD7939E4E384D /* [CP] Copy Pods Resources */,
				A4979ED41E1CF426005B4B2F /* Embed App Extensions */,
			);
			buildRules = (
			);
			dependencies = (
				A4979ECF1E1CF426005B4B2F /* PBXTargetDependency */,
			);
			name = ExpenseSheet;
			productName = ExpenseSheet;
			productReference = 757E2A561DDD8231005D43FF /* ExpenseSheet.app */;
			productType = "com.apple.product-type.application";
		};
		A4979EC21E1CF426005B4B2F /* ExpenseSheetWidget */ = {
			isa = PBXNativeTarget;
			buildConfigurationList = A4979ED31E1CF426005B4B2F /* Build configuration list for PBXNativeTarget "ExpenseSheetWidget" */;
			buildPhases = (
				A4979EBF1E1CF426005B4B2F /* Sources */,
				A4979EC01E1CF426005B4B2F /* Frameworks */,
				A4979EC11E1CF426005B4B2F /* Resources */,
			);
			buildRules = (
			);
			dependencies = (
			);
			name = ExpenseSheetWidget;
			productName = ExpenseSheetWidget;
			productReference = A4979EC31E1CF426005B4B2F /* ExpenseSheetWidget.appex */;
			productType = "com.apple.product-type.app-extension";
		};
/* End PBXNativeTarget section */

/* Begin PBXProject section */
		757E2A4E1DDD8230005D43FF /* Project object */ = {
			isa = PBXProject;
			attributes = {
				LastUpgradeCheck = 0820;
				ORGANIZATIONNAME = "IOS Apps Developer";
				TargetAttributes = {
					757E2A551DDD8230005D43FF = {
						CreatedOnToolsVersion = 8.1;
						DevelopmentTeam = VTQNX4SXLT;
						ProvisioningStyle = Manual;
						SystemCapabilities = {
							com.apple.ApplicationGroups.iOS = {
								enabled = 1;
							};
						};
					};
					A4979EC21E1CF426005B4B2F = {
						CreatedOnToolsVersion = 8.2.1;
						DevelopmentTeam = VTQNX4SXLT;
						ProvisioningStyle = Automatic;
						SystemCapabilities = {
							com.apple.ApplicationGroups.iOS = {
								enabled = 1;
							};
						};
					};
				};
			};
			buildConfigurationList = 757E2A511DDD8230005D43FF /* Build configuration list for PBXProject "ExpenseSheet" */;
			compatibilityVersion = "Xcode 3.2";
			developmentRegion = English;
			hasScannedForEncodings = 0;
			knownRegions = (
				en,
				Base,
			);
			mainGroup = 757E2A4D1DDD8230005D43FF;
			productRefGroup = 757E2A571DDD8231005D43FF /* Products */;
			projectDirPath = "";
			projectRoot = "";
			targets = (
				757E2A551DDD8230005D43FF /* ExpenseSheet */,
				A4979EC21E1CF426005B4B2F /* ExpenseSheetWidget */,
			);
		};
/* End PBXProject section */

/* Begin PBXResourcesBuildPhase section */
		757E2A541DDD8230005D43FF /* Resources */ = {
			isa = PBXResourcesBuildPhase;
			buildActionMask = 2147483647;
			files = (
				A4E997361E24ABE700D1161B /* Assets.xcassets in Resources */,
				A4E997371E24ABE700D1161B /* receipt.jpg in Resources */,
				5A860ADA1E140DB500B44D49 /* Main.storyboard in Resources */,
			);
			runOnlyForDeploymentPostprocessing = 0;
		};
		A4979EC11E1CF426005B4B2F /* Resources */ = {
			isa = PBXResourcesBuildPhase;
			buildActionMask = 2147483647;
			files = (
				A4979ECC1E1CF426005B4B2F /* MainInterface.storyboard in Resources */,
			);
			runOnlyForDeploymentPostprocessing = 0;
		};
/* End PBXResourcesBuildPhase section */

/* Begin PBXShellScriptBuildPhase section */
		6C2F8FC17308E0B9791286A2 /* [CP] Check Pods Manifest.lock */ = {
			isa = PBXShellScriptBuildPhase;
			buildActionMask = 2147483647;
			files = (
			);
			inputPaths = (
			);
			name = "[CP] Check Pods Manifest.lock";
			outputPaths = (
			);
			runOnlyForDeploymentPostprocessing = 0;
			shellPath = /bin/sh;
			shellScript = "diff \"${PODS_ROOT}/../Podfile.lock\" \"${PODS_ROOT}/Manifest.lock\" > /dev/null\nif [ $? != 0 ] ; then\n    # print error to STDERR\n    echo \"error: The sandbox is not in sync with the Podfile.lock. Run 'pod install' or update your CocoaPods installation.\" >&2\n    exit 1\nfi\n";
			showEnvVarsInLog = 0;
		};
		C5B94CE01535B65839953A3A /* [CP] Embed Pods Frameworks */ = {
			isa = PBXShellScriptBuildPhase;
			buildActionMask = 2147483647;
			files = (
			);
			inputPaths = (
			);
			name = "[CP] Embed Pods Frameworks";
			outputPaths = (
			);
			runOnlyForDeploymentPostprocessing = 0;
			shellPath = /bin/sh;
			shellScript = "\"${SRCROOT}/Pods/Target Support Files/Pods-ExpenseSheet/Pods-ExpenseSheet-frameworks.sh\"\n";
			showEnvVarsInLog = 0;
		};
		FFF656B1128FD7939E4E384D /* [CP] Copy Pods Resources */ = {
			isa = PBXShellScriptBuildPhase;
			buildActionMask = 2147483647;
			files = (
			);
			inputPaths = (
			);
			name = "[CP] Copy Pods Resources";
			outputPaths = (
			);
			runOnlyForDeploymentPostprocessing = 0;
			shellPath = /bin/sh;
			shellScript = "\"${SRCROOT}/Pods/Target Support Files/Pods-ExpenseSheet/Pods-ExpenseSheet-resources.sh\"\n";
			showEnvVarsInLog = 0;
		};
/* End PBXShellScriptBuildPhase section */

/* Begin PBXSourcesBuildPhase section */
		757E2A521DDD8230005D43FF /* Sources */ = {
			isa = PBXSourcesBuildPhase;
			buildActionMask = 2147483647;
			files = (
				5A860B101E140E8A00B44D49 /* SheetCell.m in Sources */,
				5A860B181E140E8A00B44D49 /* receiptViewController.m in Sources */,
				5AECD2AC1E1B8B87000CA3F8 /* SettingsViewController.m in Sources */,
				5A860B0D1E140E8A00B44D49 /* CreateViewCell2.m in Sources */,
				5A860B0C1E140E8A00B44D49 /* CreateViewCell1.m in Sources */,
				5ACEFFEF1E14160800C3FCD4 /* ExpenseSheet.xcdatamodeld in Sources */,
				5ACEFFEC1E14156400C3FCD4 /* MBProgressHUD.m in Sources */,
				A4D63DAF1E2503030053B741 /* SettingBackgroundViewController.m in Sources */,
				A4D63DB21E2507AE0053B741 /* BackgroundCollectionViewCell.m in Sources */,
				5AECD2AF1E1B8CA4000CA3F8 /* DetailPreviewViewController.m in Sources */,
				5A860B191E140E8A00B44D49 /* WeekExpensesViewController.m in Sources */,
				A4D63DB71E25103F0053B741 /* UIButton+button.m in Sources */,
				5ACEFFF51E142BB700C3FCD4 /* DetailViewController.m in Sources */,
				5AECD2A41E1B6D04000CA3F8 /* SheetPreviewViewController.m in Sources */,
				5A860B151E140E8A00B44D49 /* HomeViewController.m in Sources */,
				5AECD2A91E1B8B76000CA3F8 /* AboutUsViewController.m in Sources */,
				5ACEFFF81E142C8400C3FCD4 /* CreatePasscodeViewController.m in Sources */,
				5AC03DF81E1679D8008AF52A /* Utilities.m in Sources */,
				5A860B171E140E8A00B44D49 /* LoginViewController.m in Sources */,
				5A3C37D41E142DDF0064AB84 /* EnterPasscodeViewController.m in Sources */,
				5A860B0F1E140E8A00B44D49 /* DayCell1.m in Sources */,
				A4E997321E24AB4900D1161B /* AppDelegate.m in Sources */,
				5AC03DF41E164133008AF52A /* CurrentWeekCell.m in Sources */,
				5A860B0E1E140E8A00B44D49 /* DayCell.m in Sources */,
				5A860B121E140E8A00B44D49 /* AddMoreViewController.m in Sources */,
				5A860B111E140E8A00B44D49 /* Model.xcdatamodeld in Sources */,
				757E2A5B1DDD8231005D43FF /* main.m in Sources */,
			);
			runOnlyForDeploymentPostprocessing = 0;
		};
		A4979EBF1E1CF426005B4B2F /* Sources */ = {
			isa = PBXSourcesBuildPhase;
			buildActionMask = 2147483647;
			files = (
				A4979ED51E1D01D9005B4B2F /* ExpenseSheet.xcdatamodeld in Sources */,
				A4979EC91E1CF426005B4B2F /* TodayViewController.m in Sources */,
			);
			runOnlyForDeploymentPostprocessing = 0;
		};
/* End PBXSourcesBuildPhase section */

/* Begin PBXTargetDependency section */
		A4979ECF1E1CF426005B4B2F /* PBXTargetDependency */ = {
			isa = PBXTargetDependency;
			target = A4979EC21E1CF426005B4B2F /* ExpenseSheetWidget */;
			targetProxy = A4979ECE1E1CF426005B4B2F /* PBXContainerItemProxy */;
		};
/* End PBXTargetDependency section */

/* Begin PBXVariantGroup section */
		A4979ECA1E1CF426005B4B2F /* MainInterface.storyboard */ = {
			isa = PBXVariantGroup;
			children = (
				A4979ECB1E1CF426005B4B2F /* Base */,
			);
			name = MainInterface.storyboard;
			sourceTree = "<group>";
		};
/* End PBXVariantGroup section */

/* Begin XCBuildConfiguration section */
		757E2A6E1DDD8231005D43FF /* Debug */ = {
			isa = XCBuildConfiguration;
			buildSettings = {
				ALWAYS_SEARCH_USER_PATHS = NO;
				CLANG_ANALYZER_NONNULL = YES;
				CLANG_CXX_LANGUAGE_STANDARD = "gnu++0x";
				CLANG_CXX_LIBRARY = "libc++";
				CLANG_ENABLE_MODULES = YES;
				CLANG_ENABLE_OBJC_ARC = YES;
				CLANG_WARN_BOOL_CONVERSION = YES;
				CLANG_WARN_CONSTANT_CONVERSION = YES;
				CLANG_WARN_DIRECT_OBJC_ISA_USAGE = YES_ERROR;
				CLANG_WARN_DOCUMENTATION_COMMENTS = YES;
				CLANG_WARN_EMPTY_BODY = YES;
				CLANG_WARN_ENUM_CONVERSION = YES;
				CLANG_WARN_INFINITE_RECURSION = YES;
				CLANG_WARN_INT_CONVERSION = YES;
				CLANG_WARN_OBJC_ROOT_CLASS = YES_ERROR;
				CLANG_WARN_SUSPICIOUS_MOVE = YES;
				CLANG_WARN_SUSPICIOUS_MOVES = YES;
				CLANG_WARN_UNREACHABLE_CODE = YES;
				CLANG_WARN__DUPLICATE_METHOD_MATCH = YES;
				"CODE_SIGN_IDENTITY[sdk=iphoneos*]" = "iPhone Developer";
				COPY_PHASE_STRIP = NO;
				DEBUG_INFORMATION_FORMAT = dwarf;
				ENABLE_STRICT_OBJC_MSGSEND = YES;
				ENABLE_TESTABILITY = YES;
				GCC_C_LANGUAGE_STANDARD = gnu99;
				GCC_DYNAMIC_NO_PIC = NO;
				GCC_NO_COMMON_BLOCKS = YES;
				GCC_OPTIMIZATION_LEVEL = 0;
				GCC_PREPROCESSOR_DEFINITIONS = (
					"DEBUG=1",
					"$(inherited)",
				);
				GCC_WARN_64_TO_32_BIT_CONVERSION = YES;
				GCC_WARN_ABOUT_RETURN_TYPE = YES_ERROR;
				GCC_WARN_UNDECLARED_SELECTOR = YES;
				GCC_WARN_UNINITIALIZED_AUTOS = YES_AGGRESSIVE;
				GCC_WARN_UNUSED_FUNCTION = YES;
				GCC_WARN_UNUSED_VARIABLE = YES;
				IPHONEOS_DEPLOYMENT_TARGET = 8.3;
				MTL_ENABLE_DEBUG_INFO = YES;
				ONLY_ACTIVE_ARCH = YES;
				SDKROOT = iphoneos;
				TARGETED_DEVICE_FAMILY = "1,2";
			};
			name = Debug;
		};
		757E2A6F1DDD8231005D43FF /* Release */ = {
			isa = XCBuildConfiguration;
			buildSettings = {
				ALWAYS_SEARCH_USER_PATHS = NO;
				CLANG_ANALYZER_NONNULL = YES;
				CLANG_CXX_LANGUAGE_STANDARD = "gnu++0x";
				CLANG_CXX_LIBRARY = "libc++";
				CLANG_ENABLE_MODULES = YES;
				CLANG_ENABLE_OBJC_ARC = YES;
				CLANG_WARN_BOOL_CONVERSION = YES;
				CLANG_WARN_CONSTANT_CONVERSION = YES;
				CLANG_WARN_DIRECT_OBJC_ISA_USAGE = YES_ERROR;
				CLANG_WARN_DOCUMENTATION_COMMENTS = YES;
				CLANG_WARN_EMPTY_BODY = YES;
				CLANG_WARN_ENUM_CONVERSION = YES;
				CLANG_WARN_INFINITE_RECURSION = YES;
				CLANG_WARN_INT_CONVERSION = YES;
				CLANG_WARN_OBJC_ROOT_CLASS = YES_ERROR;
				CLANG_WARN_SUSPICIOUS_MOVE = YES;
				CLANG_WARN_SUSPICIOUS_MOVES = YES;
				CLANG_WARN_UNREACHABLE_CODE = YES;
				CLANG_WARN__DUPLICATE_METHOD_MATCH = YES;
				"CODE_SIGN_IDENTITY[sdk=iphoneos*]" = "iPhone Developer";
				COPY_PHASE_STRIP = NO;
				DEBUG_INFORMATION_FORMAT = "dwarf-with-dsym";
				ENABLE_NS_ASSERTIONS = NO;
				ENABLE_STRICT_OBJC_MSGSEND = YES;
				GCC_C_LANGUAGE_STANDARD = gnu99;
				GCC_NO_COMMON_BLOCKS = YES;
				GCC_WARN_64_TO_32_BIT_CONVERSION = YES;
				GCC_WARN_ABOUT_RETURN_TYPE = YES_ERROR;
				GCC_WARN_UNDECLARED_SELECTOR = YES;
				GCC_WARN_UNINITIALIZED_AUTOS = YES_AGGRESSIVE;
				GCC_WARN_UNUSED_FUNCTION = YES;
				GCC_WARN_UNUSED_VARIABLE = YES;
				IPHONEOS_DEPLOYMENT_TARGET = 8.3;
				MTL_ENABLE_DEBUG_INFO = NO;
				SDKROOT = iphoneos;
				TARGETED_DEVICE_FAMILY = "1,2";
				VALIDATE_PRODUCT = YES;
			};
			name = Release;
		};
		757E2A711DDD8231005D43FF /* Debug */ = {
			isa = XCBuildConfiguration;
			baseConfigurationReference = 121020EBD1577776728EA275 /* Pods-ExpenseSheet.debug.xcconfig */;
			buildSettings = {
				ASSETCATALOG_COMPILER_APPICON_NAME = AppIcon;
				ASSETCATALOG_COMPILER_LAUNCHIMAGE_NAME = LaunchImage;
				CODE_SIGN_ENTITLEMENTS = ExpenseSheet/ExpenseSheet.entitlements;
				CODE_SIGN_IDENTITY = "iPhone Developer: Nauman Aslam (82X9S4ZM8C)";
				"CODE_SIGN_IDENTITY[sdk=iphoneos*]" = "iPhone Developer: Nauman Aslam (82X9S4ZM8C)";
				DEVELOPMENT_TEAM = VTQNX4SXLT;
				INFOPLIST_FILE = ExpenseSheet/Info.plist;
				IPHONEOS_DEPLOYMENT_TARGET = 8.3;
				LD_RUNPATH_SEARCH_PATHS = "$(inherited) @executable_path/Frameworks";
				PRODUCT_BUNDLE_IDENTIFIER = com.ethnico.ikorkortPaid;
				PRODUCT_NAME = "$(TARGET_NAME)";
				PROVISIONING_PROFILE = "2e79cb4d-e57a-43e4-baab-f9e7442526b6";
				PROVISIONING_PROFILE_SPECIFIER = TestDeveloperProfile;
			};
			name = Debug;
		};
		757E2A721DDD8231005D43FF /* Release */ = {
			isa = XCBuildConfiguration;
			baseConfigurationReference = B95C74D3BF654DAAD2114E76 /* Pods-ExpenseSheet.release.xcconfig */;
			buildSettings = {
				ASSETCATALOG_COMPILER_APPICON_NAME = AppIcon;
				ASSETCATALOG_COMPILER_LAUNCHIMAGE_NAME = LaunchImage;
				CODE_SIGN_ENTITLEMENTS = ExpenseSheet/ExpenseSheet.entitlements;
				CODE_SIGN_IDENTITY = "iPhone Developer: Nauman Aslam (82X9S4ZM8C)";
				"CODE_SIGN_IDENTITY[sdk=iphoneos*]" = "iPhone Distribution";
				DEVELOPMENT_TEAM = VTQNX4SXLT;
				INFOPLIST_FILE = ExpenseSheet/Info.plist;
				IPHONEOS_DEPLOYMENT_TARGET = 8.3;
				LD_RUNPATH_SEARCH_PATHS = "$(inherited) @executable_path/Frameworks";
				PRODUCT_BUNDLE_IDENTIFIER = com.ethnico.ikorkortPaid;
				PRODUCT_NAME = "$(TARGET_NAME)";
				PROVISIONING_PROFILE = "3ef0c763-aa3a-4fb9-a027-ec944cb4b8be";
				PROVISIONING_PROFILE_SPECIFIER = ikorkortPaidDistribution;
			};
			name = Release;
		};
		A4979ED11E1CF426005B4B2F /* Debug */ = {
			isa = XCBuildConfiguration;
			buildSettings = {
				CLANG_WARN_SUSPICIOUS_MOVE = YES;
				CODE_SIGN_ENTITLEMENTS = ExpenseSheetWidget/ExpenseSheetWidget.entitlements;
				CODE_SIGN_IDENTITY = "iPhone Developer";
				"CODE_SIGN_IDENTITY[sdk=iphoneos*]" = "iPhone Developer";
				DEVELOPMENT_TEAM = VTQNX4SXLT;
				INFOPLIST_FILE = ExpenseSheetWidget/Info.plist;
				IPHONEOS_DEPLOYMENT_TARGET = 9.3;
				LD_RUNPATH_SEARCH_PATHS = "$(inherited) @executable_path/Frameworks @executable_path/../../Frameworks";
				PRODUCT_BUNDLE_IDENTIFIER = com.ethnico.ikorkortPaid.ExpenseSheetWidget;
				PRODUCT_NAME = "$(TARGET_NAME)";
				SKIP_INSTALL = YES;
			};
			name = Debug;
		};
		A4979ED21E1CF426005B4B2F /* Release */ = {
			isa = XCBuildConfiguration;
			buildSettings = {
				CLANG_WARN_SUSPICIOUS_MOVE = YES;
				CODE_SIGN_ENTITLEMENTS = ExpenseSheetWidget/ExpenseSheetWidget.entitlements;
				CODE_SIGN_IDENTITY = "iPhone Developer";
				"CODE_SIGN_IDENTITY[sdk=iphoneos*]" = "iPhone Developer";
				DEVELOPMENT_TEAM = VTQNX4SXLT;
				INFOPLIST_FILE = ExpenseSheetWidget/Info.plist;
				IPHONEOS_DEPLOYMENT_TARGET = 9.3;
				LD_RUNPATH_SEARCH_PATHS = "$(inherited) @executable_path/Frameworks @executable_path/../../Frameworks";
				PRODUCT_BUNDLE_IDENTIFIER = com.ethnico.ikorkortPaid.ExpenseSheetWidget;
				PRODUCT_NAME = "$(TARGET_NAME)";
				SKIP_INSTALL = YES;
			};
			name = Release;
		};
/* End XCBuildConfiguration section */

/* Begin XCConfigurationList section */
		757E2A511DDD8230005D43FF /* Build configuration list for PBXProject "ExpenseSheet" */ = {
			isa = XCConfigurationList;
			buildConfigurations = (
				757E2A6E1DDD8231005D43FF /* Debug */,
				757E2A6F1DDD8231005D43FF /* Release */,
			);
			defaultConfigurationIsVisible = 0;
			defaultConfigurationName = Release;
		};
		757E2A701DDD8231005D43FF /* Build configuration list for PBXNativeTarget "ExpenseSheet" */ = {
			isa = XCConfigurationList;
			buildConfigurations = (
				757E2A711DDD8231005D43FF /* Debug */,
				757E2A721DDD8231005D43FF /* Release */,
			);
			defaultConfigurationIsVisible = 0;
			defaultConfigurationName = Release;
		};
		A4979ED31E1CF426005B4B2F /* Build configuration list for PBXNativeTarget "ExpenseSheetWidget" */ = {
			isa = XCConfigurationList;
			buildConfigurations = (
				A4979ED11E1CF426005B4B2F /* Debug */,
				A4979ED21E1CF426005B4B2F /* Release */,
			);
			defaultConfigurationIsVisible = 0;
			defaultConfigurationName = Release;
		};
/* End XCConfigurationList section */

/* Begin XCVersionGroup section */
		5A860AEE1E140E8A00B44D49 /* Model.xcdatamodeld */ = {
			isa = XCVersionGroup;
			children = (
				5A860AEF1E140E8A00B44D49 /* Model.xcdatamodel */,
			);
			currentVersion = 5A860AEF1E140E8A00B44D49 /* Model.xcdatamodel */;
			path = Model.xcdatamodeld;
			sourceTree = "<group>";
			versionGroupType = wrapper.xcdatamodel;
		};
		5ACEFFED1E14160800C3FCD4 /* ExpenseSheet.xcdatamodeld */ = {
			isa = XCVersionGroup;
			children = (
				5ACEFFEE1E14160800C3FCD4 /* ExpenseSheet.xcdatamodel */,
			);
			currentVersion = 5ACEFFEE1E14160800C3FCD4 /* ExpenseSheet.xcdatamodel */;
			name = ExpenseSheet.xcdatamodeld;
			path = ../ExpenseSheet.xcdatamodeld;
			sourceTree = "<group>";
			versionGroupType = wrapper.xcdatamodel;
		};
/* End XCVersionGroup section */
	};
	rootObject = 757E2A4E1DDD8230005D43FF /* Project object */;
}
